
Microsoft Visual Studio Solution File, Format Version 12.00
# Visual Studio 14
VisualStudioVersion = 14.0.25420.1
MinimumVisualStudioVersion = 10.0.40219.1
Project("{FAE04EC0-301F-11D3-BF4B-00C04F79EFBC}") = "RoadBook.CsharpBasic.Chapter01", "RoadBook.CsharpBasic.Chapter01\RoadBook.CsharpBasic.Chapter01.csproj", "{D4F4EED8-5205-401C-ADD5-9C9C9EDFB554}"
EndProject
Project("{FAE04EC0-301F-11D3-BF4B-00C04F79EFBC}") = "RoadBook.CsharpBasic.Chapter02", "RoadBook.CsharpBasic.Chapter02\RoadBook.CsharpBasic.Chapter02.csproj", "{3B7FE8C9-A047-4F9B-A749-F5B6F79A6E83}"
EndProject
Project("{FAE04EC0-301F-11D3-BF4B-00C04F79EFBC}") = "RoadBook.CsharpBasic.Chapter11", "RoadBook.CsharpBasic.Chapter11\RoadBook.CsharpBasic.Chapter11.csproj", "{D9A84C45-08FA-4CE0-903D-CDCDB3EABBE6}"
EndProject
Project("{FAE04EC0-301F-11D3-BF4B-00C04F79EFBC}") = "RoadBook.CsharpBasic.Chapter12", "RoadBook.CsharpBasic.Chapter12\RoadBook.CsharpBasic.Chapter12.csproj", "{9CBD14D1-E6F1-47D7-B9C9-5011EA576EE3}"
EndProject
Project("{2150E333-8FDC-42A3-9474-1A3956D46DE8}") = "Solution Items", "Solution Items", "{08D854B7-769D-4017-81BE-FF742CF0BB78}"
	ProjectSection(SolutionItems) = preProject
		README.md = README.md
	EndProjectSection
EndProject
Project("{FAE04EC0-301F-11D3-BF4B-00C04F79EFBC}") = "RoadBook.CsharpBasic.Chapter03", "RoadBook.CsharpBasic.Chapter03\RoadBook.CsharpBasic.Chapter03.csproj", "{75998D08-505B-45FE-A787-59F114BC04CE}"
EndProject
Project("{FAE04EC0-301F-11D3-BF4B-00C04F79EFBC}") = "RoadBook.CsharpBasic.Chapter04", "RoadBook.CsharpBasic.Chapter04\RoadBook.CsharpBasic.Chapter04.csproj", "{7B83525B-4FA6-4C57-ABEA-65507E21C3D9}"
EndProject
Project("{FAE04EC0-301F-11D3-BF4B-00C04F79EFBC}") = "RoadBook.CsharpBasic.Chapter05", "RoadBook.CsharpBasic.Chapter05\RoadBook.CsharpBasic.Chapter05.csproj", "{CC686D87-FB54-49DC-82BF-413AC6B62D3F}"
EndProject
Project("{FAE04EC0-301F-11D3-BF4B-00C04F79EFBC}") = "RoadBook.CsharpBasic.Chapter06", "RoadBook.CsharpBasic.Chapter06\RoadBook.CsharpBasic.Chapter06.csproj", "{134EE925-D756-46BD-B0BB-5AFDDD1913E7}"
EndProject
Project("{FAE04EC0-301F-11D3-BF4B-00C04F79EFBC}") = "RoadBook.CsharpBasic.Chapter07", "RoadBook.CsharpBasic.Chapter07\RoadBook.CsharpBasic.Chapter07.csproj", "{57D89800-A0E4-4B09-8B29-E841773256B1}"
EndProject
Project("{FAE04EC0-301F-11D3-BF4B-00C04F79EFBC}") = "RoadBook.CsharpBasic.Chapter08", "RoadBook.CsharpBasic.Chapter08\RoadBook.CsharpBasic.Chapter08.csproj", "{F4D12F53-369F-470F-B5CF-C67765C9BCF9}"
EndProject
Project("{FAE04EC0-301F-11D3-BF4B-00C04F79EFBC}") = "RoadBook.CsharpBasic.Chapter09", "RoadBook.CsharpBasic.Chapter09\RoadBook.CsharpBasic.Chapter09.csproj", "{03698CD0-FA86-41A9-9346-2E149FE1143F}"
EndProject
Project("{FAE04EC0-301F-11D3-BF4B-00C04F79EFBC}") = "RoadBook.CsharpBasic.Chapter10", "RoadBook.CsharpBasic.Chapter10\RoadBook.CsharpBasic.Chapter10.csproj", "{4FF41B09-B193-4ACE-B3CF-4FB4BB48FF6B}"
EndProject
Project("{FAE04EC0-301F-11D3-BF4B-00C04F79EFBC}") = "RoadBook.CsharpBasic.Chapter13", "RoadBook.CsharpBasic.Chapter13\RoadBook.CsharpBasic.Chapter13.csproj", "{0900E370-AF0C-4D1B-B2C0-6EF064584385}"
EndProject
Global
	GlobalSection(SolutionConfigurationPlatforms) = preSolution
		Debug|Any CPU = Debug|Any CPU
		Release|Any CPU = Release|Any CPU
	EndGlobalSection
	GlobalSection(ProjectConfigurationPlatforms) = postSolution
		{D4F4EED8-5205-401C-ADD5-9C9C9EDFB554}.Debug|Any CPU.ActiveCfg = Debug|Any CPU
		{D4F4EED8-5205-401C-ADD5-9C9C9EDFB554}.Debug|Any CPU.Build.0 = Debug|Any CPU
		{D4F4EED8-5205-401C-ADD5-9C9C9EDFB554}.Release|Any CPU.ActiveCfg = Release|Any CPU
		{D4F4EED8-5205-401C-ADD5-9C9C9EDFB554}.Release|Any CPU.Build.0 = Release|Any CPU
		{3B7FE8C9-A047-4F9B-A749-F5B6F79A6E83}.Debug|Any CPU.ActiveCfg = Debug|Any CPU
		{3B7FE8C9-A047-4F9B-A749-F5B6F79A6E83}.Debug|Any CPU.Build.0 = Debug|Any CPU
		{3B7FE8C9-A047-4F9B-A749-F5B6F79A6E83}.Release|Any CPU.ActiveCfg = Release|Any CPU
		{3B7FE8C9-A047-4F9B-A749-F5B6F79A6E83}.Release|Any CPU.Build.0 = Release|Any CPU
		{D9A84C45-08FA-4CE0-903D-CDCDB3EABBE6}.Debug|Any CPU.ActiveCfg = Debug|Any CPU
		{D9A84C45-08FA-4CE0-903D-CDCDB3EABBE6}.Debug|Any CPU.Build.0 = Debug|Any CPU
		{D9A84C45-08FA-4CE0-903D-CDCDB3EABBE6}.Release|Any CPU.ActiveCfg = Release|Any CPU
		{D9A84C45-08FA-4CE0-903D-CDCDB3EABBE6}.Release|Any CPU.Build.0 = Release|Any CPU
		{9CBD14D1-E6F1-47D7-B9C9-5011EA576EE3}.Debug|Any CPU.ActiveCfg = Debug|Any CPU
		{9CBD14D1-E6F1-47D7-B9C9-5011EA576EE3}.Debug|Any CPU.Build.0 = Debug|Any CPU
		{9CBD14D1-E6F1-47D7-B9C9-5011EA576EE3}.Release|Any CPU.ActiveCfg = Release|Any CPU
		{9CBD14D1-E6F1-47D7-B9C9-5011EA576EE3}.Release|Any CPU.Build.0 = Release|Any CPU
		{75998D08-505B-45FE-A787-59F114BC04CE}.Debug|Any CPU.ActiveCfg = Debug|Any CPU
		{75998D08-505B-45FE-A787-59F114BC04CE}.Debug|Any CPU.Build.0 = Debug|Any CPU
		{75998D08-505B-45FE-A787-59F114BC04CE}.Release|Any CPU.ActiveCfg = Release|Any CPU
		{75998D08-505B-45FE-A787-59F114BC04CE}.Release|Any CPU.Build.0 = Release|Any CPU
		{7B83525B-4FA6-4C57-ABEA-65507E21C3D9}.Debug|Any CPU.ActiveCfg = Debug|Any CPU
		{7B83525B-4FA6-4C57-ABEA-65507E21C3D9}.Debug|Any CPU.Build.0 = Debug|Any CPU
		{7B83525B-4FA6-4C57-ABEA-65507E21C3D9}.Release|Any CPU.ActiveCfg = Release|Any CPU
		{7B83525B-4FA6-4C57-ABEA-65507E21C3D9}.Release|Any CPU.Build.0 = Release|Any CPU
		{CC686D87-FB54-49DC-82BF-413AC6B62D3F}.Debug|Any CPU.ActiveCfg = Debug|Any CPU
		{CC686D87-FB54-49DC-82BF-413AC6B62D3F}.Debug|Any CPU.Build.0 = Debug|Any CPU
		{CC686D87-FB54-49DC-82BF-413AC6B62D3F}.Release|Any CPU.ActiveCfg = Release|Any CPU
		{CC686D87-FB54-49DC-82BF-413AC6B62D3F}.Release|Any CPU.Build.0 = Release|Any CPU
		{134EE925-D756-46BD-B0BB-5AFDDD1913E7}.Debug|Any CPU.ActiveCfg = Debug|Any CPU
		{134EE925-D756-46BD-B0BB-5AFDDD1913E7}.Debug|Any CPU.Build.0 = Debug|Any CPU
		{134EE925-D756-46BD-B0BB-5AFDDD1913E7}.Release|Any CPU.ActiveCfg = Release|Any CPU
		{134EE925-D756-46BD-B0BB-5AFDDD1913E7}.Release|Any CPU.Build.0 = Release|Any CPU
		{57D89800-A0E4-4B09-8B29-E841773256B1}.Debug|Any CPU.ActiveCfg = Debug|Any CPU
		{57D89800-A0E4-4B09-8B29-E841773256B1}.Debug|Any CPU.Build.0 = Debug|Any CPU
		{57D89800-A0E4-4B09-8B29-E841773256B1}.Release|Any CPU.ActiveCfg = Release|Any CPU
		{57D89800-A0E4-4B09-8B29-E841773256B1}.Release|Any CPU.Build.0 = Release|Any CPU
		{F4D12F53-369F-470F-B5CF-C67765C9BCF9}.Debug|Any CPU.ActiveCfg = Debug|Any CPU
		{F4D12F53-369F-470F-B5CF-C67765C9BCF9}.Debug|Any CPU.Build.0 = Debug|Any CPU
		{F4D12F53-369F-470F-B5CF-C67765C9BCF9}.Release|Any CPU.ActiveCfg = Release|Any CPU
		{F4D12F53-369F-470F-B5CF-C67765C9BCF9}.Release|Any CPU.Build.0 = Release|Any CPU
		{03698CD0-FA86-41A9-9346-2E149FE1143F}.Debug|Any CPU.ActiveCfg = Debug|Any CPU
		{03698CD0-FA86-41A9-9346-2E149FE1143F}.Debug|Any CPU.Build.0 = Debug|Any CPU
		{03698CD0-FA86-41A9-9346-2E149FE1143F}.Release|Any CPU.ActiveCfg = Release|Any CPU
		{03698CD0-FA86-41A9-9346-2E149FE1143F}.Release|Any CPU.Build.0 = Release|Any CPU
		{4FF41B09-B193-4ACE-B3CF-4FB4BB48FF6B}.Debug|Any CPU.ActiveCfg = Debug|Any CPU
		{4FF41B09-B193-4ACE-B3CF-4FB4BB48FF6B}.Debug|Any CPU.Build.0 = Debug|Any CPU
		{4FF41B09-B193-4ACE-B3CF-4FB4BB48FF6B}.Release|Any CPU.ActiveCfg = Release|Any CPU
		{4FF41B09-B193-4ACE-B3CF-4FB4BB48FF6B}.Release|Any CPU.Build.0 = Release|Any CPU
		{0900E370-AF0C-4D1B-B2C0-6EF064584385}.Debug|Any CPU.ActiveCfg = Debug|Any CPU
		{0900E370-AF0C-4D1B-B2C0-6EF064584385}.Debug|Any CPU.Build.0 = Debug|Any CPU
		{0900E370-AF0C-4D1B-B2C0-6EF064584385}.Release|Any CPU.ActiveCfg = Release|Any CPU
		{0900E370-AF0C-4D1B-B2C0-6EF064584385}.Release|Any CPU.Build.0 = Release|Any CPU
	EndGlobalSection
	GlobalSection(SolutionProperties) = preSolution
		HideSolutionNode = FALSE
	EndGlobalSection
EndGlobal
